<?xml version="1.0" encoding="utf-8"?>
<Project ToolsVersion="4.0" xmlns="http://schemas.microsoft.com/developer/msbuild/2003">
  <ItemGroup>
    <Filter Include="Source Files">
      <UniqueIdentifier>{4FC737F1-C7A5-4376-A066-2A32D752A2FF}</UniqueIdentifier>
      <Extensions>cpp;c;cc;cxx;def;odl;idl;hpj;bat;asm;asmx</Extensions>
    </Filter>
    <Filter Include="Resource Files">
      <UniqueIdentifier>{67DA6AB6-F800-4c08-8B7A-83BB121AAD01}</UniqueIdentifier>
      <Extensions>rc;ico;cur;bmp;dlg;rc2;rct;bin;rgs;gif;jpg;jpeg;jpe;resx;tiff;tif;png;wav;mfcribbon-ms</Extensions>
    </Filter>
    <Filter Include="Resources">
      <UniqueIdentifier>{610c2f8e-ae51-46ac-b035-69f4469f9ce6}</UniqueIdentifier>
    </Filter>
    <Filter Include="Resources\SDL">
      <UniqueIdentifier>{e46505b0-16f8-4db7-ade4-da23c58d2a3c}</UniqueIdentifier>
    </Filter>
    <Filter Include="Resources\SDL\SDL Headers">
      <UniqueIdentifier>{c98e3291-3587-4c6f-bdb9-297cbc0f5a53}</UniqueIdentifier>
    </Filter>
    <Filter Include="Resources\SDL\SDL Libraries">
      <UniqueIdentifier>{87009594-092a-445c-bf0c-b314d0173478}</UniqueIdentifier>
    </Filter>
    <Filter Include="Resources\SDL\SDL Libraries\x64">
      <UniqueIdentifier>{5b431583-2868-41da-9766-380b23448f6b}</UniqueIdentifier>
    </Filter>
    <Filter Include="Resources\SDL\SDL Libraries\x86">
      <UniqueIdentifier>{86611c0e-2972-44cd-8cda-6a5bd9e3487a}</UniqueIdentifier>
    </Filter>
    <Filter Include="Headers">
      <UniqueIdentifier>{1f0584c6-63a1-4da2-b1af-33bb2a93e3f4}</UniqueIdentifier>
    </Filter>
  </ItemGroup>
  <ItemGroup>
    <ClCompile Include="Input.cpp">
      <Filter>Source Files</Filter>
    </ClCompile>
    <ClCompile Include="FloatField.cpp">
      <Filter>Source Files</Filter>
    </ClCompile>
    <ClCompile Include="IntField.cpp">
      <Filter>Source Files</Filter>
    </ClCompile>
    <ClCompile Include="SimpleButton.cpp">
      <Filter>Source Files</Filter>
    </ClCompile>
    <ClCompile Include="main.cpp">
      <Filter>Source Files</Filter>
    </ClCompile>
    <ClCompile Include="InteractiveElement.cpp">
      <Filter>Source Files</Filter>
    </ClCompile>
    <ClCompile Include="RenderableElement.cpp">
      <Filter>Source Files</Filter>
    </ClCompile>
    <ClCompile Include="TextField.cpp">
      <Filter>Source Files</Filter>
    </ClCompile>
    <ClCompile Include="AbstractedAccess.cpp">
      <Filter>Source Files</Filter>
    </ClCompile>
    <ClCompile Include="Keyboard.cpp">
      <Filter>Source Files</Filter>
    </ClCompile>
    <ClCompile Include="Sound.cpp">
      <Filter>Source Files</Filter>
    </ClCompile>
  </ItemGroup>
  <ItemGroup>
    <CopyFileToFolders Include="SDL2_mixer\lib\x64\libFLAC-8.dll">
      <Filter>Resources\SDL\SDL Libraries\x64</Filter>
    </CopyFileToFolders>
    <CopyFileToFolders Include="SDL2_image\lib\x64\libjpeg-9.dll">
      <Filter>Resources\SDL\SDL Libraries\x64</Filter>
    </CopyFileToFolders>
    <CopyFileToFolders Include="SDL2_mixer\lib\x64\libmodplug-1.dll">
      <Filter>Resources\SDL\SDL Libraries\x64</Filter>
    </CopyFileToFolders>
    <CopyFileToFolders Include="SDL2_mixer\lib\x64\libmpg123-0.dll">
      <Filter>Resources\SDL\SDL Libraries\x64</Filter>
    </CopyFileToFolders>
    <CopyFileToFolders Include="SDL2_mixer\lib\x64\libogg-0.dll">
      <Filter>Resources\SDL\SDL Libraries\x64</Filter>
    </CopyFileToFolders>
    <CopyFileToFolders Include="SDL2_mixer\lib\x64\libopus-0.dll">
      <Filter>Resources\SDL\SDL Libraries\x64</Filter>
    </CopyFileToFolders>
    <CopyFileToFolders Include="SDL2_mixer\lib\x64\libopusfile-0.dll">
      <Filter>Resources\SDL\SDL Libraries\x64</Filter>
    </CopyFileToFolders>
    <CopyFileToFolders Include="SDL2_image\lib\x64\libpng16-16.dll">
      <Filter>Resources\SDL\SDL Libraries\x64</Filter>
    </CopyFileToFolders>
    <CopyFileToFolders Include="SDL2_image\lib\x64\libtiff-5.dll">
      <Filter>Resources\SDL\SDL Libraries\x64</Filter>
    </CopyFileToFolders>
    <CopyFileToFolders Include="SDL2_mixer\lib\x64\libvorbis-0.dll">
      <Filter>Resources\SDL\SDL Libraries\x64</Filter>
    </CopyFileToFolders>
    <CopyFileToFolders Include="SDL2_mixer\lib\x64\libvorbisfile-3.dll">
      <Filter>Resources\SDL\SDL Libraries\x64</Filter>
    </CopyFileToFolders>
    <CopyFileToFolders Include="SDL2_image\lib\x64\libwebp-7.dll">
      <Filter>Resources\SDL\SDL Libraries\x64</Filter>
    </CopyFileToFolders>
    <CopyFileToFolders Include="SDL2\lib\x64\SDL2.dll">
      <Filter>Resources\SDL\SDL Libraries\x64</Filter>
    </CopyFileToFolders>
    <CopyFileToFolders Include="SDL2_image\lib\x64\SDL2_image.dll">
      <Filter>Resources\SDL\SDL Libraries\x64</Filter>
    </CopyFileToFolders>
    <CopyFileToFolders Include="SDL2_mixer\lib\x64\SDL2_mixer.dll">
      <Filter>Resources\SDL\SDL Libraries\x64</Filter>
    </CopyFileToFolders>
    <CopyFileToFolders Include="SDL2_image\lib\x64\zlib1.dll">
      <Filter>Resources\SDL\SDL Libraries\x64</Filter>
    </CopyFileToFolders>
    <CopyFileToFolders Include="SDL2_image\lib\x86\libwebp-7.dll">
      <Filter>Resources\SDL\SDL Libraries\x86</Filter>
    </CopyFileToFolders>
    <CopyFileToFolders Include="SDL2_mixer\lib\x86\libFLAC-8.dll">
      <Filter>Resources\SDL\SDL Libraries\x86</Filter>
    </CopyFileToFolders>
    <CopyFileToFolders Include="SDL2_image\lib\x86\libjpeg-9.dll">
      <Filter>Resources\SDL\SDL Libraries\x86</Filter>
    </CopyFileToFolders>
    <CopyFileToFolders Include="SDL2_mixer\lib\x86\libmodplug-1.dll">
      <Filter>Resources\SDL\SDL Libraries\x86</Filter>
    </CopyFileToFolders>
    <CopyFileToFolders Include="SDL2_mixer\lib\x86\libmpg123-0.dll">
      <Filter>Resources\SDL\SDL Libraries\x86</Filter>
    </CopyFileToFolders>
    <CopyFileToFolders Include="SDL2_mixer\lib\x86\libogg-0.dll">
      <Filter>Resources\SDL\SDL Libraries\x86</Filter>
    </CopyFileToFolders>
    <CopyFileToFolders Include="SDL2_mixer\lib\x86\libopus-0.dll">
      <Filter>Resources\SDL\SDL Libraries\x86</Filter>
    </CopyFileToFolders>
    <CopyFileToFolders Include="SDL2_mixer\lib\x86\libopusfile-0.dll">
      <Filter>Resources\SDL\SDL Libraries\x86</Filter>
    </CopyFileToFolders>
    <CopyFileToFolders Include="SDL2_image\lib\x86\libpng16-16.dll">
      <Filter>Resources\SDL\SDL Libraries\x86</Filter>
    </CopyFileToFolders>
    <CopyFileToFolders Include="SDL2_image\lib\x86\libtiff-5.dll">
      <Filter>Resources\SDL\SDL Libraries\x86</Filter>
    </CopyFileToFolders>
    <CopyFileToFolders Include="SDL2_mixer\lib\x86\libvorbis-0.dll">
      <Filter>Resources\SDL\SDL Libraries\x86</Filter>
    </CopyFileToFolders>
    <CopyFileToFolders Include="SDL2_mixer\lib\x86\libvorbisfile-3.dll">
      <Filter>Resources\SDL\SDL Libraries\x86</Filter>
    </CopyFileToFolders>
    <CopyFileToFolders Include="SDL2\lib\x86\SDL2.dll">
      <Filter>Resources\SDL\SDL Libraries\x86</Filter>
    </CopyFileToFolders>
    <CopyFileToFolders Include="SDL2_image\lib\x86\SDL2_image.dll">
      <Filter>Resources\SDL\SDL Libraries\x86</Filter>
    </CopyFileToFolders>
    <CopyFileToFolders Include="SDL2_mixer\lib\x86\SDL2_mixer.dll">
      <Filter>Resources\SDL\SDL Libraries\x86</Filter>
    </CopyFileToFolders>
    <CopyFileToFolders Include="SDL2_image\lib\x86\zlib1.dll">
      <Filter>Resources\SDL\SDL Libraries\x86</Filter>
    </CopyFileToFolders>
    <CopyFileToFolders Include="chars.png">
      <Filter>Resource Files</Filter>
    </CopyFileToFolders>
    <CopyFileToFolders Include="Nums.png">
      <Filter>Resource Files</Filter>
    </CopyFileToFolders>
    <CopyFileToFolders Include="Melody1.prm">
      <Filter>Resource Files</Filter>
    </CopyFileToFolders>
  </ItemGroup>
  <ItemGroup>
    <ClInclude Include="SDL2\include\SDL_vulkan.h">
      <Filter>Resources\SDL\SDL Headers</Filter>
    </ClInclude>
    <ClInclude Include="SDL2\include\SDL.h">
      <Filter>Resources\SDL\SDL Headers</Filter>
    </ClInclude>
    <ClInclude Include="SDL2\include\SDL_assert.h">
      <Filter>Resources\SDL\SDL Headers</Filter>
    </ClInclude>
    <ClInclude Include="SDL2\include\SDL_atomic.h">
      <Filter>Resources\SDL\SDL Headers</Filter>
    </ClInclude>
    <ClInclude Include="SDL2\include\SDL_audio.h">
      <Filter>Resources\SDL\SDL Headers</Filter>
    </ClInclude>
    <ClInclude Include="SDL2\include\SDL_bits.h">
      <Filter>Resources\SDL\SDL Headers</Filter>
    </ClInclude>
    <ClInclude Include="SDL2\include\SDL_blendmode.h">
      <Filter>Resources\SDL\SDL Headers</Filter>
    </ClInclude>
    <ClInclude Include="SDL2\include\SDL_clipboard.h">
      <Filter>Resources\SDL\SDL Headers</Filter>
    </ClInclude>
    <ClInclude Include="SDL2\include\SDL_config.h">
      <Filter>Resources\SDL\SDL Headers</Filter>
    </ClInclude>
    <ClInclude Include="SDL2\include\SDL_config_android.h">
      <Filter>Resources\SDL\SDL Headers</Filter>
    </ClInclude>
    <ClInclude Include="SDL2\include\SDL_config_iphoneos.h">
      <Filter>Resources\SDL\SDL Headers</Filter>
    </ClInclude>
    <ClInclude Include="SDL2\include\SDL_config_macosx.h">
      <Filter>Resources\SDL\SDL Headers</Filter>
    </ClInclude>
    <ClInclude Include="SDL2\include\SDL_config_minimal.h">
      <Filter>Resources\SDL\SDL Headers</Filter>
    </ClInclude>
    <ClInclude Include="SDL2\include\SDL_config_pandora.h">
      <Filter>Resources\SDL\SDL Headers</Filter>
    </ClInclude>
    <ClInclude Include="SDL2\include\SDL_config_psp.h">
      <Filter>Resources\SDL\SDL Headers</Filter>
    </ClInclude>
    <ClInclude Include="SDL2\include\SDL_config_windows.h">
      <Filter>Resources\SDL\SDL Headers</Filter>
    </ClInclude>
    <ClInclude Include="SDL2\include\SDL_config_winrt.h">
      <Filter>Resources\SDL\SDL Headers</Filter>
    </ClInclude>
    <ClInclude Include="SDL2\include\SDL_config_wiz.h">
      <Filter>Resources\SDL\SDL Headers</Filter>
    </ClInclude>
    <ClInclude Include="SDL2\include\SDL_copying.h">
      <Filter>Resources\SDL\SDL Headers</Filter>
    </ClInclude>
    <ClInclude Include="SDL2\include\SDL_cpuinfo.h">
      <Filter>Resources\SDL\SDL Headers</Filter>
    </ClInclude>
    <ClInclude Include="SDL2\include\SDL_egl.h">
      <Filter>Resources\SDL\SDL Headers</Filter>
    </ClInclude>
    <ClInclude Include="SDL2\include\SDL_endian.h">
      <Filter>Resources\SDL\SDL Headers</Filter>
    </ClInclude>
    <ClInclude Include="SDL2\include\SDL_error.h">
      <Filter>Resources\SDL\SDL Headers</Filter>
    </ClInclude>
    <ClInclude Include="SDL2\include\SDL_events.h">
      <Filter>Resources\SDL\SDL Headers</Filter>
    </ClInclude>
    <ClInclude Include="SDL2\include\SDL_filesystem.h">
      <Filter>Resources\SDL\SDL Headers</Filter>
    </ClInclude>
    <ClInclude Include="SDL2\include\SDL_gamecontroller.h">
      <Filter>Resources\SDL\SDL Headers</Filter>
    </ClInclude>
    <ClInclude Include="SDL2\include\SDL_gesture.h">
      <Filter>Resources\SDL\SDL Headers</Filter>
    </ClInclude>
    <ClInclude Include="SDL2\include\SDL_haptic.h">
      <Filter>Resources\SDL\SDL Headers</Filter>
    </ClInclude>
    <ClInclude Include="SDL2\include\SDL_hints.h">
      <Filter>Resources\SDL\SDL Headers</Filter>
    </ClInclude>
    <ClInclude Include="SDL2\include\SDL_joystick.h">
      <Filter>Resources\SDL\SDL Headers</Filter>
    </ClInclude>
    <ClInclude Include="SDL2\include\SDL_keyboard.h">
      <Filter>Resources\SDL\SDL Headers</Filter>
    </ClInclude>
    <ClInclude Include="SDL2\include\SDL_keycode.h">
      <Filter>Resources\SDL\SDL Headers</Filter>
    </ClInclude>
    <ClInclude Include="SDL2\include\SDL_loadso.h">
      <Filter>Resources\SDL\SDL Headers</Filter>
    </ClInclude>
    <ClInclude Include="SDL2\include\SDL_log.h">
      <Filter>Resources\SDL\SDL Headers</Filter>
    </ClInclude>
    <ClInclude Include="SDL2\include\SDL_main.h">
      <Filter>Resources\SDL\SDL Headers</Filter>
    </ClInclude>
    <ClInclude Include="SDL2\include\SDL_messagebox.h">
      <Filter>Resources\SDL\SDL Headers</Filter>
    </ClInclude>
    <ClInclude Include="SDL2\include\SDL_metal.h">
      <Filter>Resources\SDL\SDL Headers</Filter>
    </ClInclude>
    <ClInclude Include="SDL2\include\SDL_mouse.h">
      <Filter>Resources\SDL\SDL Headers</Filter>
    </ClInclude>
    <ClInclude Include="SDL2\include\SDL_mutex.h">
      <Filter>Resources\SDL\SDL Headers</Filter>
    </ClInclude>
    <ClInclude Include="SDL2\include\SDL_name.h">
      <Filter>Resources\SDL\SDL Headers</Filter>
    </ClInclude>
    <ClInclude Include="SDL2\include\SDL_opengl.h">
      <Filter>Resources\SDL\SDL Headers</Filter>
    </ClInclude>
    <ClInclude Include="SDL2\include\SDL_opengl_glext.h">
      <Filter>Resources\SDL\SDL Headers</Filter>
    </ClInclude>
    <ClInclude Include="SDL2\include\SDL_opengles.h">
      <Filter>Resources\SDL\SDL Headers</Filter>
    </ClInclude>
    <ClInclude Include="SDL2\include\SDL_opengles2.h">
      <Filter>Resources\SDL\SDL Headers</Filter>
    </ClInclude>
    <ClInclude Include="SDL2\include\SDL_opengles2_gl2.h">
      <Filter>Resources\SDL\SDL Headers</Filter>
    </ClInclude>
    <ClInclude Include="SDL2\include\SDL_opengles2_gl2ext.h">
      <Filter>Resources\SDL\SDL Headers</Filter>
    </ClInclude>
    <ClInclude Include="SDL2\include\SDL_opengles2_gl2platform.h">
      <Filter>Resources\SDL\SDL Headers</Filter>
    </ClInclude>
    <ClInclude Include="SDL2\include\SDL_opengles2_khrplatform.h">
      <Filter>Resources\SDL\SDL Headers</Filter>
    </ClInclude>
    <ClInclude Include="SDL2\include\SDL_pixels.h">
      <Filter>Resources\SDL\SDL Headers</Filter>
    </ClInclude>
    <ClInclude Include="SDL2\include\SDL_platform.h">
      <Filter>Resources\SDL\SDL Headers</Filter>
    </ClInclude>
    <ClInclude Include="SDL2\include\SDL_power.h">
      <Filter>Resources\SDL\SDL Headers</Filter>
    </ClInclude>
    <ClInclude Include="SDL2\include\SDL_quit.h">
      <Filter>Resources\SDL\SDL Headers</Filter>
    </ClInclude>
    <ClInclude Include="SDL2\include\SDL_rect.h">
      <Filter>Resources\SDL\SDL Headers</Filter>
    </ClInclude>
    <ClInclude Include="SDL2\include\SDL_render.h">
      <Filter>Resources\SDL\SDL Headers</Filter>
    </ClInclude>
    <ClInclude Include="SDL2\include\SDL_revision.h">
      <Filter>Resources\SDL\SDL Headers</Filter>
    </ClInclude>
    <ClInclude Include="SDL2\include\SDL_rwops.h">
      <Filter>Resources\SDL\SDL Headers</Filter>
    </ClInclude>
    <ClInclude Include="SDL2\include\SDL_scancode.h">
      <Filter>Resources\SDL\SDL Headers</Filter>
    </ClInclude>
    <ClInclude Include="SDL2\include\SDL_sensor.h">
      <Filter>Resources\SDL\SDL Headers</Filter>
    </ClInclude>
    <ClInclude Include="SDL2\include\SDL_shape.h">
      <Filter>Resources\SDL\SDL Headers</Filter>
    </ClInclude>
    <ClInclude Include="SDL2\include\SDL_stdinc.h">
      <Filter>Resources\SDL\SDL Headers</Filter>
    </ClInclude>
    <ClInclude Include="SDL2\include\SDL_surface.h">
      <Filter>Resources\SDL\SDL Headers</Filter>
    </ClInclude>
    <ClInclude Include="SDL2\include\SDL_system.h">
      <Filter>Resources\SDL\SDL Headers</Filter>
    </ClInclude>
    <ClInclude Include="SDL2\include\SDL_syswm.h">
      <Filter>Resources\SDL\SDL Headers</Filter>
    </ClInclude>
    <ClInclude Include="SDL2\include\SDL_test.h">
      <Filter>Resources\SDL\SDL Headers</Filter>
    </ClInclude>
    <ClInclude Include="SDL2\include\SDL_test_assert.h">
      <Filter>Resources\SDL\SDL Headers</Filter>
    </ClInclude>
    <ClInclude Include="SDL2\include\SDL_test_common.h">
      <Filter>Resources\SDL\SDL Headers</Filter>
    </ClInclude>
    <ClInclude Include="SDL2\include\SDL_test_compare.h">
      <Filter>Resources\SDL\SDL Headers</Filter>
    </ClInclude>
    <ClInclude Include="SDL2\include\SDL_test_crc32.h">
      <Filter>Resources\SDL\SDL Headers</Filter>
    </ClInclude>
    <ClInclude Include="SDL2\include\SDL_test_font.h">
      <Filter>Resources\SDL\SDL Headers</Filter>
    </ClInclude>
    <ClInclude Include="SDL2\include\SDL_test_fuzzer.h">
      <Filter>Resources\SDL\SDL Headers</Filter>
    </ClInclude>
    <ClInclude Include="SDL2\include\SDL_test_harness.h">
      <Filter>Resources\SDL\SDL Headers</Filter>
    </ClInclude>
    <ClInclude Include="SDL2\include\SDL_test_images.h">
      <Filter>Resources\SDL\SDL Headers</Filter>
    </ClInclude>
    <ClInclude Include="SDL2\include\SDL_test_log.h">
      <Filter>Resources\SDL\SDL Headers</Filter>
    </ClInclude>
    <ClInclude Include="SDL2\include\SDL_test_md5.h">
      <Filter>Resources\SDL\SDL Headers</Filter>
    </ClInclude>
    <ClInclude Include="SDL2\include\SDL_test_memory.h">
      <Filter>Resources\SDL\SDL Headers</Filter>
    </ClInclude>
    <ClInclude Include="SDL2\include\SDL_test_random.h">
      <Filter>Resources\SDL\SDL Headers</Filter>
    </ClInclude>
    <ClInclude Include="SDL2\include\SDL_thread.h">
      <Filter>Resources\SDL\SDL Headers</Filter>
    </ClInclude>
    <ClInclude Include="SDL2\include\SDL_timer.h">
      <Filter>Resources\SDL\SDL Headers</Filter>
    </ClInclude>
    <ClInclude Include="SDL2\include\SDL_touch.h">
      <Filter>Resources\SDL\SDL Headers</Filter>
    </ClInclude>
    <ClInclude Include="SDL2\include\SDL_types.h">
      <Filter>Resources\SDL\SDL Headers</Filter>
    </ClInclude>
    <ClInclude Include="SDL2\include\SDL_version.h">
      <Filter>Resources\SDL\SDL Headers</Filter>
    </ClInclude>
    <ClInclude Include="SDL2\include\SDL_video.h">
      <Filter>Resources\SDL\SDL Headers</Filter>
    </ClInclude>
    <ClInclude Include="SDL2\include\begin_code.h">
      <Filter>Resources\SDL\SDL Headers</Filter>
    </ClInclude>
    <ClInclude Include="SDL2\include\close_code.h">
      <Filter>Resources\SDL\SDL Headers</Filter>
    </ClInclude>
    <ClInclude Include="TextField.h">
      <Filter>Headers</Filter>
    </ClInclude>
    <ClInclude Include="AbstractedAccess.h">
      <Filter>Headers</Filter>
    </ClInclude>
    <ClInclude Include="FloatField.h">
      <Filter>Headers</Filter>
    </ClInclude>
    <ClInclude Include="Input.h">
      <Filter>Headers</Filter>
    </ClInclude>
    <ClInclude Include="InteractiveElement.h">
      <Filter>Headers</Filter>
    </ClInclude>
    <ClInclude Include="IntField.h">
      <Filter>Headers</Filter>
    </ClInclude>
    <ClInclude Include="Keyboard.h">
      <Filter>Headers</Filter>
    </ClInclude>
    <ClInclude Include="PianoRoll.h">
      <Filter>Headers</Filter>
    </ClInclude>
    <ClInclude Include="RenderableElement.h">
      <Filter>Headers</Filter>
    </ClInclude>
    <ClInclude Include="resource.h">
      <Filter>Headers</Filter>
    </ClInclude>
    <ClInclude Include="SimpleButton.h">
      <Filter>Headers</Filter>
    </ClInclude>
    <ClInclude Include="Sound.h">
      <Filter>Headers</Filter>
    </ClInclude>
  </ItemGroup>
  <ItemGroup>
    <Image Include="keyboard icon.ico">
      <Filter>Resource Files</Filter>
    </Image>
    <Image Include="icon1.ico">
      <Filter>Resource Files</Filter>
    </Image>
    <Image Include="icon2.ico">
      <Filter>Resource Files</Filter>
    </Image>
  </ItemGroup>
  <ItemGroup>
    <ResourceCompile Include="SDL Sound.rc">
      <Filter>Resource Files</Filter>
    </ResourceCompile>
  </ItemGroup>
</Project>