<?xml version="1.0" encoding="utf-8"?>
<Project ToolsVersion="4.0" xmlns="http://schemas.microsoft.com/developer/msbuild/2003">
  <ItemGroup>
    <Filter Include="Source Files">
      <UniqueIdentifier>{4FC737F1-C7A5-4376-A066-2A32D752A2FF}</UniqueIdentifier>
      <Extensions>cpp;c;cc;cxx;def;odl;idl;hpj;bat;asm;asmx</Extensions>
    </Filter>
    <Filter Include="Header Files">
      <UniqueIdentifier>{93995380-89BD-4b04-88EB-625FBE52EBFB}</UniqueIdentifier>
      <Extensions>h;hh;hpp;hxx;hm;inl;inc;ipp;xsd</Extensions>
    </Filter>
    <Filter Include="Resource Files">
      <UniqueIdentifier>{67DA6AB6-F800-4c08-8B7A-83BB121AAD01}</UniqueIdentifier>
      <Extensions>rc;ico;cur;bmp;dlg;rc2;rct;bin;rgs;gif;jpg;jpeg;jpe;resx;tiff;tif;png;wav;mfcribbon-ms</Extensions>
    </Filter>
    <Filter Include="dlls">
      <UniqueIdentifier>{21554cda-94cb-4e16-b552-2b3bad93a18e}</UniqueIdentifier>
    </Filter>
  </ItemGroup>
  <ItemGroup>
    <ClCompile Include="Input.cpp">
      <Filter>Source Files</Filter>
    </ClCompile>
    <ClCompile Include="FloatField.cpp">
      <Filter>Source Files</Filter>
    </ClCompile>
    <ClCompile Include="IntField.cpp">
      <Filter>Source Files</Filter>
    </ClCompile>
    <ClCompile Include="SimpleButton.cpp">
      <Filter>Source Files</Filter>
    </ClCompile>
    <ClCompile Include="main.cpp">
      <Filter>Source Files</Filter>
    </ClCompile>
    <ClCompile Include="InteractiveElement.cpp">
      <Filter>Source Files</Filter>
    </ClCompile>
    <ClCompile Include="RenderableElement.cpp">
      <Filter>Source Files</Filter>
    </ClCompile>
    <ClCompile Include="TextField.cpp">
      <Filter>Source Files</Filter>
    </ClCompile>
  </ItemGroup>
  <ItemGroup>
    <CopyFileToFolders Include="dlls\x64\zlib1.dll">
      <Filter>dlls</Filter>
    </CopyFileToFolders>
    <CopyFileToFolders Include="dlls\x64\libFLAC-8.dll">
      <Filter>dlls</Filter>
    </CopyFileToFolders>
    <CopyFileToFolders Include="dlls\x64\libjpeg-9.dll">
      <Filter>dlls</Filter>
    </CopyFileToFolders>
    <CopyFileToFolders Include="dlls\x64\libmodplug-1.dll">
      <Filter>dlls</Filter>
    </CopyFileToFolders>
    <CopyFileToFolders Include="dlls\x64\libmpg123-0.dll">
      <Filter>dlls</Filter>
    </CopyFileToFolders>
    <CopyFileToFolders Include="dlls\x64\libogg-0.dll">
      <Filter>dlls</Filter>
    </CopyFileToFolders>
    <CopyFileToFolders Include="dlls\x64\libopus-0.dll">
      <Filter>dlls</Filter>
    </CopyFileToFolders>
    <CopyFileToFolders Include="dlls\x64\libopusfile-0.dll">
      <Filter>dlls</Filter>
    </CopyFileToFolders>
    <CopyFileToFolders Include="dlls\x64\libpng16-16.dll">
      <Filter>dlls</Filter>
    </CopyFileToFolders>
    <CopyFileToFolders Include="dlls\x64\libtiff-5.dll">
      <Filter>dlls</Filter>
    </CopyFileToFolders>
    <CopyFileToFolders Include="dlls\x64\libvorbis-0.dll">
      <Filter>dlls</Filter>
    </CopyFileToFolders>
    <CopyFileToFolders Include="dlls\x64\libvorbisfile-3.dll">
      <Filter>dlls</Filter>
    </CopyFileToFolders>
    <CopyFileToFolders Include="dlls\x64\libwebp-7.dll">
      <Filter>dlls</Filter>
    </CopyFileToFolders>
    <CopyFileToFolders Include="dlls\x64\SDL2.dll">
      <Filter>dlls</Filter>
    </CopyFileToFolders>
    <CopyFileToFolders Include="dlls\x64\SDL2_image.dll">
      <Filter>dlls</Filter>
    </CopyFileToFolders>
    <CopyFileToFolders Include="dlls\x64\SDL2_mixer.dll">
      <Filter>dlls</Filter>
    </CopyFileToFolders>
    <CopyFileToFolders Include="Melody1.prm" />
  </ItemGroup>
  <ItemGroup>
    <ClInclude Include="Input.h">
      <Filter>Header Files</Filter>
    </ClInclude>
    <ClInclude Include="FloatField.h">
      <Filter>Header Files</Filter>
    </ClInclude>
    <ClInclude Include="IntField.h">
      <Filter>Header Files</Filter>
    </ClInclude>
    <ClInclude Include="SimpleButton.h">
      <Filter>Header Files</Filter>
    </ClInclude>
    <ClInclude Include="RenderableElement.h">
      <Filter>Header Files</Filter>
    </ClInclude>
    <ClInclude Include="InteractiveElement.h">
      <Filter>Header Files</Filter>
    </ClInclude>
    <ClInclude Include="PianoRoll.h">
      <Filter>Header Files</Filter>
    </ClInclude>
    <ClInclude Include="Sound.cpp">
      <Filter>Source Files</Filter>
    </ClInclude>
    <ClInclude Include="AbstractedAccess.h">
      <Filter>Header Files</Filter>
    </ClInclude>
    <ClInclude Include="TextField.h">
      <Filter>Header Files</Filter>
    </ClInclude>
  </ItemGroup>
</Project>